
Microsoft Visual Studio Solution File, Format Version 12.00
# Visual Studio Version 17
VisualStudioVersion = 17.0.31903.59
MinimumVisualStudioVersion = 10.0.40219.1
Project("{2150E333-8FDC-42A3-9474-1A3956D46DE8}") = "src", "src", "{4B7AA35C-8337-48CA-826E-90C590DC6D44}"
EndProject
Project("{FAE04EC0-301F-11D3-BF4B-00C04F79EFBC}") = "Core", "src\Core\Core.csproj", "{10063C6A-CBED-4DF5-8C8C-F8BFE6D179A3}"
EndProject
Project("{FAE04EC0-301F-11D3-BF4B-00C04F79EFBC}") = "App", "src\App\App.csproj", "{6EE919BF-7F04-45E1-A916-A43F77E54CA2}"
EndProject
Project("{2150E333-8FDC-42A3-9474-1A3956D46DE8}") = "tests", "tests", "{A84D2B8A-ABBE-45B4-81C6-C5A91F458DD2}"
EndProject
Project("{FAE04EC0-301F-11D3-BF4B-00C04F79EFBC}") = "IntegrationTests", "tests\IntegrationTests\IntegrationTests.csproj", "{C517AD23-01BE-485B-BCC4-1602E1258C2E}"
EndProject
Global
	GlobalSection(SolutionConfigurationPlatforms) = preSolution
		Debug|Any CPU = Debug|Any CPU
		Release|Any CPU = Release|Any CPU
	EndGlobalSection
	GlobalSection(SolutionProperties) = preSolution
		HideSolutionNode = FALSE
	EndGlobalSection
	GlobalSection(ProjectConfigurationPlatforms) = postSolution
		{10063C6A-CBED-4DF5-8C8C-F8BFE6D179A3}.Debug|Any CPU.ActiveCfg = Debug|Any CPU
		{10063C6A-CBED-4DF5-8C8C-F8BFE6D179A3}.Debug|Any CPU.Build.0 = Debug|Any CPU
		{10063C6A-CBED-4DF5-8C8C-F8BFE6D179A3}.Release|Any CPU.ActiveCfg = Release|Any CPU
		{10063C6A-CBED-4DF5-8C8C-F8BFE6D179A3}.Release|Any CPU.Build.0 = Release|Any CPU
		{6EE919BF-7F04-45E1-A916-A43F77E54CA2}.Debug|Any CPU.ActiveCfg = Debug|Any CPU
		{6EE919BF-7F04-45E1-A916-A43F77E54CA2}.Debug|Any CPU.Build.0 = Debug|Any CPU
		{6EE919BF-7F04-45E1-A916-A43F77E54CA2}.Release|Any CPU.ActiveCfg = Release|Any CPU
		{6EE919BF-7F04-45E1-A916-A43F77E54CA2}.Release|Any CPU.Build.0 = Release|Any CPU
		{C517AD23-01BE-485B-BCC4-1602E1258C2E}.Debug|Any CPU.ActiveCfg = Debug|Any CPU
		{C517AD23-01BE-485B-BCC4-1602E1258C2E}.Debug|Any CPU.Build.0 = Debug|Any CPU
		{C517AD23-01BE-485B-BCC4-1602E1258C2E}.Release|Any CPU.ActiveCfg = Release|Any CPU
		{C517AD23-01BE-485B-BCC4-1602E1258C2E}.Release|Any CPU.Build.0 = Release|Any CPU
	EndGlobalSection
	GlobalSection(NestedProjects) = preSolution
		{10063C6A-CBED-4DF5-8C8C-F8BFE6D179A3} = {4B7AA35C-8337-48CA-826E-90C590DC6D44}
		{6EE919BF-7F04-45E1-A916-A43F77E54CA2} = {4B7AA35C-8337-48CA-826E-90C590DC6D44}
		{C517AD23-01BE-485B-BCC4-1602E1258C2E} = {A84D2B8A-ABBE-45B4-81C6-C5A91F458DD2}
	EndGlobalSection
EndGlobal
